<Solution>
  <Configurations>
    <Platform Name="x64" />
    <Platform Name="x86" />
  </Configurations>
  <Folder Name="/lab1/" />
  <Folder Name="/lab1/ex1/">
    <Project Path="task1/task1.vcxproj" />
    <Project Path="task2/task2.vcxproj" />
  </Folder>
  <Folder Name="/lab1/ex2/">
    <Project Path="lab1/ex2/lab1_ex2_task2/lab1_ex2_task2.vcxproj" />
    <Project Path="lab1/ex2/lab1_ex2_task3/lab1_ex2_task3.vcxproj" />
    <Project Path="lab1/ex2/task1/task1.vcxproj" />
  </Folder>
</Solution>
